// !$*UTF8*$!
{
	archiveVersion = 1;
	classes = {
	};
	objectVersion = 56;
	objects = {

/* Begin PBXBuildFile section */
		030D01222B2BD7B000D11FD2 /* RecomendationCollectionViewCell.swift in Sources */ = {isa = PBXBuildFile; fileRef = 030D01202B2BD7B000D11FD2 /* RecomendationCollectionViewCell.swift */; };
		030D01232B2BD7B000D11FD2 /* RecomendationCollectionViewCell.xib in Resources */ = {isa = PBXBuildFile; fileRef = 030D01212B2BD7B000D11FD2 /* RecomendationCollectionViewCell.xib */; };
		039E6F862B2BAF6200272EF3 /* AppDelegate.swift in Sources */ = {isa = PBXBuildFile; fileRef = 039E6F852B2BAF6200272EF3 /* AppDelegate.swift */; };
		039E6F882B2BAF6200272EF3 /* SceneDelegate.swift in Sources */ = {isa = PBXBuildFile; fileRef = 039E6F872B2BAF6200272EF3 /* SceneDelegate.swift */; };
		039E6F8F2B2BAF6300272EF3 /* Assets.xcassets in Resources */ = {isa = PBXBuildFile; fileRef = 039E6F8E2B2BAF6300272EF3 /* Assets.xcassets */; };
		039E6F922B2BAF6300272EF3 /* LaunchScreen.storyboard in Resources */ = {isa = PBXBuildFile; fileRef = 039E6F902B2BAF6300272EF3 /* LaunchScreen.storyboard */; };
		039E6FA62B2BB5D200272EF3 /* MovieListTableViewCell.swift in Sources */ = {isa = PBXBuildFile; fileRef = 039E6FA42B2BB5D200272EF3 /* MovieListTableViewCell.swift */; };
		039E6FA72B2BB5D200272EF3 /* MovieListTableViewCell.xib in Resources */ = {isa = PBXBuildFile; fileRef = 039E6FA52B2BB5D200272EF3 /* MovieListTableViewCell.xib */; };
		039E6FAA2B2BB5FA00272EF3 /* MovieListViewController.swift in Sources */ = {isa = PBXBuildFile; fileRef = 039E6FA82B2BB5FA00272EF3 /* MovieListViewController.swift */; };
		039E6FAB2B2BB5FA00272EF3 /* MovieListViewController.xib in Resources */ = {isa = PBXBuildFile; fileRef = 039E6FA92B2BB5FA00272EF3 /* MovieListViewController.xib */; };
		039E6FAE2B2BB65F00272EF3 /* MovieDetailViewController.swift in Sources */ = {isa = PBXBuildFile; fileRef = 039E6FAC2B2BB65F00272EF3 /* MovieDetailViewController.swift */; };
		039E6FAF2B2BB65F00272EF3 /* MovieDetailViewController.xib in Resources */ = {isa = PBXBuildFile; fileRef = 039E6FAD2B2BB65F00272EF3 /* MovieDetailViewController.xib */; };
		039E6FB72B2BB89100272EF3 /* Extensions+View.swift in Sources */ = {isa = PBXBuildFile; fileRef = 039E6FB62B2BB89100272EF3 /* Extensions+View.swift */; };
		039E6FB92B2BB91100272EF3 /* Extensions+ViewController.swift in Sources */ = {isa = PBXBuildFile; fileRef = 039E6FB82B2BB91100272EF3 /* Extensions+ViewController.swift */; };
		03BF1AB32B2BF1E30088F1D8 /* Constants.swift in Sources */ = {isa = PBXBuildFile; fileRef = 03BF1AB22B2BF1E20088F1D8 /* Constants.swift */; };
		03BF1AB82B2BF3970088F1D8 /* APIClient.swift in Sources */ = {isa = PBXBuildFile; fileRef = 03BF1AB72B2BF3970088F1D8 /* APIClient.swift */; };
		03BF1ABA2B2BF3A90088F1D8 /* URLSessionPinningDelegate.swift in Sources */ = {isa = PBXBuildFile; fileRef = 03BF1AB92B2BF3A90088F1D8 /* URLSessionPinningDelegate.swift */; };
		03BF1ABD2B2BF4080088F1D8 /* MoviesService.swift in Sources */ = {isa = PBXBuildFile; fileRef = 03BF1ABC2B2BF4080088F1D8 /* MoviesService.swift */; };
		03BF1ABF2B2BF4210088F1D8 /* MovieListResponse.swift in Sources */ = {isa = PBXBuildFile; fileRef = 03BF1ABE2B2BF4210088F1D8 /* MovieListResponse.swift */; };
		03BF1AC12B2BF66B0088F1D8 /* MovieDetailResponse.swift in Sources */ = {isa = PBXBuildFile; fileRef = 03BF1AC02B2BF66B0088F1D8 /* MovieDetailResponse.swift */; };
		182D86EE58583EA65EB096EE /* Pods_MoviesAvatar.framework in Frameworks */ = {isa = PBXBuildFile; fileRef = 4BF7142D2AF13FFC5AFAAA22 /* Pods_MoviesAvatar.framework */; };
/* End PBXBuildFile section */

/* Begin PBXFileReference section */
		030D01202B2BD7B000D11FD2 /* RecomendationCollectionViewCell.swift */ = {isa = PBXFileReference; lastKnownFileType = sourcecode.swift; path = RecomendationCollectionViewCell.swift; sourceTree = "<group>"; };
		030D01212B2BD7B000D11FD2 /* RecomendationCollectionViewCell.xib */ = {isa = PBXFileReference; lastKnownFileType = file.xib; path = RecomendationCollectionViewCell.xib; sourceTree = "<group>"; };
		039E6F822B2BAF6200272EF3 /* MoviesAvatar.app */ = {isa = PBXFileReference; explicitFileType = wrapper.application; includeInIndex = 0; path = MoviesAvatar.app; sourceTree = BUILT_PRODUCTS_DIR; };
		039E6F852B2BAF6200272EF3 /* AppDelegate.swift */ = {isa = PBXFileReference; lastKnownFileType = sourcecode.swift; path = AppDelegate.swift; sourceTree = "<group>"; };
		039E6F872B2BAF6200272EF3 /* SceneDelegate.swift */ = {isa = PBXFileReference; lastKnownFileType = sourcecode.swift; path = SceneDelegate.swift; sourceTree = "<group>"; };
		039E6F8E2B2BAF6300272EF3 /* Assets.xcassets */ = {isa = PBXFileReference; lastKnownFileType = folder.assetcatalog; path = Assets.xcassets; sourceTree = "<group>"; };
		039E6F912B2BAF6300272EF3 /* Base */ = {isa = PBXFileReference; lastKnownFileType = file.storyboard; name = Base; path = Base.lproj/LaunchScreen.storyboard; sourceTree = "<group>"; };
		039E6F932B2BAF6300272EF3 /* Info.plist */ = {isa = PBXFileReference; lastKnownFileType = text.plist.xml; path = Info.plist; sourceTree = "<group>"; };
		039E6FA42B2BB5D200272EF3 /* MovieListTableViewCell.swift */ = {isa = PBXFileReference; lastKnownFileType = sourcecode.swift; path = MovieListTableViewCell.swift; sourceTree = "<group>"; };
		039E6FA52B2BB5D200272EF3 /* MovieListTableViewCell.xib */ = {isa = PBXFileReference; lastKnownFileType = file.xib; path = MovieListTableViewCell.xib; sourceTree = "<group>"; };
		039E6FA82B2BB5FA00272EF3 /* MovieListViewController.swift */ = {isa = PBXFileReference; lastKnownFileType = sourcecode.swift; path = MovieListViewController.swift; sourceTree = "<group>"; };
		039E6FA92B2BB5FA00272EF3 /* MovieListViewController.xib */ = {isa = PBXFileReference; lastKnownFileType = file.xib; path = MovieListViewController.xib; sourceTree = "<group>"; };
		039E6FAC2B2BB65F00272EF3 /* MovieDetailViewController.swift */ = {isa = PBXFileReference; lastKnownFileType = sourcecode.swift; path = MovieDetailViewController.swift; sourceTree = "<group>"; };
		039E6FAD2B2BB65F00272EF3 /* MovieDetailViewController.xib */ = {isa = PBXFileReference; lastKnownFileType = file.xib; path = MovieDetailViewController.xib; sourceTree = "<group>"; };
		039E6FB62B2BB89100272EF3 /* Extensions+View.swift */ = {isa = PBXFileReference; fileEncoding = 4; lastKnownFileType = sourcecode.swift; path = "Extensions+View.swift"; sourceTree = "<group>"; };
		039E6FB82B2BB91100272EF3 /* Extensions+ViewController.swift */ = {isa = PBXFileReference; lastKnownFileType = sourcecode.swift; path = "Extensions+ViewController.swift"; sourceTree = "<group>"; };
		03BF1AB22B2BF1E20088F1D8 /* Constants.swift */ = {isa = PBXFileReference; fileEncoding = 4; lastKnownFileType = sourcecode.swift; path = Constants.swift; sourceTree = "<group>"; };
		03BF1AB72B2BF3970088F1D8 /* APIClient.swift */ = {isa = PBXFileReference; fileEncoding = 4; lastKnownFileType = sourcecode.swift; path = APIClient.swift; sourceTree = "<group>"; };
		03BF1AB92B2BF3A90088F1D8 /* URLSessionPinningDelegate.swift */ = {isa = PBXFileReference; fileEncoding = 4; lastKnownFileType = sourcecode.swift; path = URLSessionPinningDelegate.swift; sourceTree = "<group>"; };
		03BF1ABC2B2BF4080088F1D8 /* MoviesService.swift */ = {isa = PBXFileReference; fileEncoding = 4; lastKnownFileType = sourcecode.swift; path = MoviesService.swift; sourceTree = "<group>"; };
		03BF1ABE2B2BF4210088F1D8 /* MovieListResponse.swift */ = {isa = PBXFileReference; fileEncoding = 4; lastKnownFileType = sourcecode.swift; path = MovieListResponse.swift; sourceTree = "<group>"; };
		03BF1AC02B2BF66B0088F1D8 /* MovieDetailResponse.swift */ = {isa = PBXFileReference; lastKnownFileType = sourcecode.swift; path = MovieDetailResponse.swift; sourceTree = "<group>"; };
		4B89F72B897C06147813C288 /* Pods-MoviesAvatar.debug.xcconfig */ = {isa = PBXFileReference; includeInIndex = 1; lastKnownFileType = text.xcconfig; name = "Pods-MoviesAvatar.debug.xcconfig"; path = "Target Support Files/Pods-MoviesAvatar/Pods-MoviesAvatar.debug.xcconfig"; sourceTree = "<group>"; };
		4BF7142D2AF13FFC5AFAAA22 /* Pods_MoviesAvatar.framework */ = {isa = PBXFileReference; explicitFileType = wrapper.framework; includeInIndex = 0; path = Pods_MoviesAvatar.framework; sourceTree = BUILT_PRODUCTS_DIR; };
		6891C797564DD2AF7BE45378 /* Pods-MoviesAvatar.release.xcconfig */ = {isa = PBXFileReference; includeInIndex = 1; lastKnownFileType = text.xcconfig; name = "Pods-MoviesAvatar.release.xcconfig"; path = "Target Support Files/Pods-MoviesAvatar/Pods-MoviesAvatar.release.xcconfig"; sourceTree = "<group>"; };
/* End PBXFileReference section */

/* Begin PBXFrameworksBuildPhase section */
		039E6F7F2B2BAF6200272EF3 /* Frameworks */ = {
			isa = PBXFrameworksBuildPhase;
			buildActionMask = 2147483647;
			files = (
				182D86EE58583EA65EB096EE /* Pods_MoviesAvatar.framework in Frameworks */,
			);
			runOnlyForDeploymentPostprocessing = 0;
		};
/* End PBXFrameworksBuildPhase section */

/* Begin PBXGroup section */
		039E6F792B2BAF6200272EF3 = {
			isa = PBXGroup;
			children = (
				039E6F842B2BAF6200272EF3 /* MoviesAvatar */,
				039E6F832B2BAF6200272EF3 /* Products */,
				0958B6129E3B07B4EC403F9F /* Pods */,
				5688A62B43A314BD9B6673FA /* Frameworks */,
			);
			sourceTree = "<group>";
		};
		039E6F832B2BAF6200272EF3 /* Products */ = {
			isa = PBXGroup;
			children = (
				039E6F822B2BAF6200272EF3 /* MoviesAvatar.app */,
			);
			name = Products;
			sourceTree = "<group>";
		};
		039E6F842B2BAF6200272EF3 /* MoviesAvatar */ = {
			isa = PBXGroup;
			children = (
				039E6F932B2BAF6300272EF3 /* Info.plist */,
				039E6F9A2B2BB3FC00272EF3 /* App */,
				039E6F9B2B2BB40D00272EF3 /* Network */,
				039E6F9C2B2BB41C00272EF3 /* Modules */,
				039E6F9D2B2BB42A00272EF3 /* Utilities */,
			);
			path = MoviesAvatar;
			sourceTree = "<group>";
		};
		039E6F9A2B2BB3FC00272EF3 /* App */ = {
			isa = PBXGroup;
			children = (
				039E6F852B2BAF6200272EF3 /* AppDelegate.swift */,
				039E6F872B2BAF6200272EF3 /* SceneDelegate.swift */,
				039E6F902B2BAF6300272EF3 /* LaunchScreen.storyboard */,
			);
			path = App;
			sourceTree = "<group>";
		};
		039E6F9B2B2BB40D00272EF3 /* Network */ = {
			isa = PBXGroup;
			children = (
				03BF1AB62B2BF3870088F1D8 /* APIClient */,
				03BF1AB52B2BF3640088F1D8 /* Models */,
				03BF1AB42B2BF3530088F1D8 /* Repositories */,
			);
			path = Network;
			sourceTree = "<group>";
		};
		039E6F9C2B2BB41C00272EF3 /* Modules */ = {
			isa = PBXGroup;
			children = (
				039E6FA02B2BB4C600272EF3 /* MovieDetail */,
				039E6F9F2B2BB4BA00272EF3 /* MovieList */,
			);
			path = Modules;
			sourceTree = "<group>";
		};
		039E6F9D2B2BB42A00272EF3 /* Utilities */ = {
			isa = PBXGroup;
			children = (
				03BF1AB22B2BF1E20088F1D8 /* Constants.swift */,
				039E6FB52B2BB87A00272EF3 /* Extensions */,
				039E6F9E2B2BB45E00272EF3 /* Resources */,
			);
			path = Utilities;
			sourceTree = "<group>";
		};
		039E6F9E2B2BB45E00272EF3 /* Resources */ = {
			isa = PBXGroup;
			children = (
				039E6F8E2B2BAF6300272EF3 /* Assets.xcassets */,
			);
			path = Resources;
			sourceTree = "<group>";
		};
		039E6F9F2B2BB4BA00272EF3 /* MovieList */ = {
			isa = PBXGroup;
			children = (
				039E6FA32B2BB5AF00272EF3 /* Cells */,
				039E6FA82B2BB5FA00272EF3 /* MovieListViewController.swift */,
				039E6FA92B2BB5FA00272EF3 /* MovieListViewController.xib */,
			);
			path = MovieList;
			sourceTree = "<group>";
		};
		039E6FA02B2BB4C600272EF3 /* MovieDetail */ = {
			isa = PBXGroup;
			children = (
				039E6FB02B2BB66500272EF3 /* Cell */,
				039E6FAC2B2BB65F00272EF3 /* MovieDetailViewController.swift */,
				039E6FAD2B2BB65F00272EF3 /* MovieDetailViewController.xib */,
			);
			path = MovieDetail;
			sourceTree = "<group>";
		};
		039E6FA32B2BB5AF00272EF3 /* Cells */ = {
			isa = PBXGroup;
			children = (
				039E6FA42B2BB5D200272EF3 /* MovieListTableViewCell.swift */,
				039E6FA52B2BB5D200272EF3 /* MovieListTableViewCell.xib */,
			);
			path = Cells;
			sourceTree = "<group>";
		};
		039E6FB02B2BB66500272EF3 /* Cell */ = {
			isa = PBXGroup;
			children = (
				030D01202B2BD7B000D11FD2 /* RecomendationCollectionViewCell.swift */,
				030D01212B2BD7B000D11FD2 /* RecomendationCollectionViewCell.xib */,
			);
			path = Cell;
			sourceTree = "<group>";
		};
		039E6FB52B2BB87A00272EF3 /* Extensions */ = {
			isa = PBXGroup;
			children = (
				039E6FB62B2BB89100272EF3 /* Extensions+View.swift */,
				039E6FB82B2BB91100272EF3 /* Extensions+ViewController.swift */,
			);
			path = Extensions;
			sourceTree = "<group>";
		};
		03BF1AB42B2BF3530088F1D8 /* Repositories */ = {
			isa = PBXGroup;
			children = (
				03BF1ABC2B2BF4080088F1D8 /* MoviesService.swift */,
			);
			path = Repositories;
			sourceTree = "<group>";
		};
		03BF1AB52B2BF3640088F1D8 /* Models */ = {
			isa = PBXGroup;
			children = (
				03BF1ABE2B2BF4210088F1D8 /* MovieListResponse.swift */,
				03BF1AC02B2BF66B0088F1D8 /* MovieDetailResponse.swift */,
			);
			path = Models;
			sourceTree = "<group>";
		};
		03BF1AB62B2BF3870088F1D8 /* APIClient */ = {
			isa = PBXGroup;
			children = (
				03BF1AB72B2BF3970088F1D8 /* APIClient.swift */,
				03BF1AB92B2BF3A90088F1D8 /* URLSessionPinningDelegate.swift */,
			);
			path = APIClient;
			sourceTree = "<group>";
		};
		0958B6129E3B07B4EC403F9F /* Pods */ = {
			isa = PBXGroup;
			children = (
				4B89F72B897C06147813C288 /* Pods-MoviesAvatar.debug.xcconfig */,
				6891C797564DD2AF7BE45378 /* Pods-MoviesAvatar.release.xcconfig */,
			);
			path = Pods;
			sourceTree = "<group>";
		};
		5688A62B43A314BD9B6673FA /* Frameworks */ = {
			isa = PBXGroup;
			children = (
				4BF7142D2AF13FFC5AFAAA22 /* Pods_MoviesAvatar.framework */,
			);
			name = Frameworks;
			sourceTree = "<group>";
		};
/* End PBXGroup section */

/* Begin PBXNativeTarget section */
		039E6F812B2BAF6200272EF3 /* MoviesAvatar */ = {
			isa = PBXNativeTarget;
			buildConfigurationList = 039E6F962B2BAF6300272EF3 /* Build configuration list for PBXNativeTarget "MoviesAvatar" */;
			buildPhases = (
				652F2FB83BC6F8395A6413F8 /* [CP] Check Pods Manifest.lock */,
				039E6F7E2B2BAF6200272EF3 /* Sources */,
				039E6F7F2B2BAF6200272EF3 /* Frameworks */,
				039E6F802B2BAF6200272EF3 /* Resources */,
				B2DBC0A85C65CADBD6DCFF64 /* [CP] Embed Pods Frameworks */,
			);
			buildRules = (
			);
			dependencies = (
			);
			name = MoviesAvatar;
			productName = MoviesAvatar;
			productReference = 039E6F822B2BAF6200272EF3 /* MoviesAvatar.app */;
			productType = "com.apple.product-type.application";
		};
/* End PBXNativeTarget section */

/* Begin PBXProject section */
		039E6F7A2B2BAF6200272EF3 /* Project object */ = {
			isa = PBXProject;
			attributes = {
				BuildIndependentTargetsInParallel = 1;
				LastSwiftUpdateCheck = 1500;
				LastUpgradeCheck = 1500;
				TargetAttributes = {
					039E6F812B2BAF6200272EF3 = {
						CreatedOnToolsVersion = 15.0.1;
					};
				};
			};
			buildConfigurationList = 039E6F7D2B2BAF6200272EF3 /* Build configuration list for PBXProject "MoviesAvatar" */;
			compatibilityVersion = "Xcode 14.0";
			developmentRegion = en;
			hasScannedForEncodings = 0;
			knownRegions = (
				en,
				Base,
			);
			mainGroup = 039E6F792B2BAF6200272EF3;
			productRefGroup = 039E6F832B2BAF6200272EF3 /* Products */;
			projectDirPath = "";
			projectRoot = "";
			targets = (
				039E6F812B2BAF6200272EF3 /* MoviesAvatar */,
			);
		};
/* End PBXProject section */

/* Begin PBXResourcesBuildPhase section */
		039E6F802B2BAF6200272EF3 /* Resources */ = {
			isa = PBXResourcesBuildPhase;
			buildActionMask = 2147483647;
			files = (
				039E6FAF2B2BB65F00272EF3 /* MovieDetailViewController.xib in Resources */,
				039E6F922B2BAF6300272EF3 /* LaunchScreen.storyboard in Resources */,
				039E6F8F2B2BAF6300272EF3 /* Assets.xcassets in Resources */,
				030D01232B2BD7B000D11FD2 /* RecomendationCollectionViewCell.xib in Resources */,
				039E6FA72B2BB5D200272EF3 /* MovieListTableViewCell.xib in Resources */,
				039E6FAB2B2BB5FA00272EF3 /* MovieListViewController.xib in Resources */,
			);
			runOnlyForDeploymentPostprocessing = 0;
		};
/* End PBXResourcesBuildPhase section */

/* Begin PBXShellScriptBuildPhase section */
		652F2FB83BC6F8395A6413F8 /* [CP] Check Pods Manifest.lock */ = {
			isa = PBXShellScriptBuildPhase;
			buildActionMask = 2147483647;
			files = (
			);
			inputFileListPaths = (
			);
			inputPaths = (
				"${PODS_PODFILE_DIR_PATH}/Podfile.lock",
				"${PODS_ROOT}/Manifest.lock",
			);
			name = "[CP] Check Pods Manifest.lock";
			outputFileListPaths = (
			);
			outputPaths = (
				"$(DERIVED_FILE_DIR)/Pods-MoviesAvatar-checkManifestLockResult.txt",
			);
			runOnlyForDeploymentPostprocessing = 0;
			shellPath = /bin/sh;
			shellScript = "diff \"${PODS_PODFILE_DIR_PATH}/Podfile.lock\" \"${PODS_ROOT}/Manifest.lock\" > /dev/null\nif [ $? != 0 ] ; then\n    # print error to STDERR\n    echo \"error: The sandbox is not in sync with the Podfile.lock. Run 'pod install' or update your CocoaPods installation.\" >&2\n    exit 1\nfi\n# This output is used by Xcode 'outputs' to avoid re-running this script phase.\necho \"SUCCESS\" > \"${SCRIPT_OUTPUT_FILE_0}\"\n";
			showEnvVarsInLog = 0;
		};
		B2DBC0A85C65CADBD6DCFF64 /* [CP] Embed Pods Frameworks */ = {
			isa = PBXShellScriptBuildPhase;
			buildActionMask = 2147483647;
			files = (
			);
			inputFileListPaths = (
				"${PODS_ROOT}/Target Support Files/Pods-MoviesAvatar/Pods-MoviesAvatar-frameworks-${CONFIGURATION}-input-files.xcfilelist",
			);
			name = "[CP] Embed Pods Frameworks";
			outputFileListPaths = (
				"${PODS_ROOT}/Target Support Files/Pods-MoviesAvatar/Pods-MoviesAvatar-frameworks-${CONFIGURATION}-output-files.xcfilelist",
			);
			runOnlyForDeploymentPostprocessing = 0;
			shellPath = /bin/sh;
			shellScript = "\"${PODS_ROOT}/Target Support Files/Pods-MoviesAvatar/Pods-MoviesAvatar-frameworks.sh\"\n";
			showEnvVarsInLog = 0;
		};
/* End PBXShellScriptBuildPhase section */

/* Begin PBXSourcesBuildPhase section */
		039E6F7E2B2BAF6200272EF3 /* Sources */ = {
			isa = PBXSourcesBuildPhase;
			buildActionMask = 2147483647;
			files = (
				039E6F862B2BAF6200272EF3 /* AppDelegate.swift in Sources */,
				039E6FAE2B2BB65F00272EF3 /* MovieDetailViewController.swift in Sources */,
				03BF1ABD2B2BF4080088F1D8 /* MoviesService.swift in Sources */,
				03BF1ABF2B2BF4210088F1D8 /* MovieListResponse.swift in Sources */,
				039E6FA62B2BB5D200272EF3 /* MovieListTableViewCell.swift in Sources */,
				03BF1AB82B2BF3970088F1D8 /* APIClient.swift in Sources */,
				039E6FB92B2BB91100272EF3 /* Extensions+ViewController.swift in Sources */,
				03BF1ABA2B2BF3A90088F1D8 /* URLSessionPinningDelegate.swift in Sources */,
				03BF1AC12B2BF66B0088F1D8 /* MovieDetailResponse.swift in Sources */,
				039E6F882B2BAF6200272EF3 /* SceneDelegate.swift in Sources */,
				039E6FAA2B2BB5FA00272EF3 /* MovieListViewController.swift in Sources */,
				039E6FB72B2BB89100272EF3 /* Extensions+View.swift in Sources */,
				030D01222B2BD7B000D11FD2 /* RecomendationCollectionViewCell.swift in Sources */,
				03BF1AB32B2BF1E30088F1D8 /* Constants.swift in Sources */,
			);
			runOnlyForDeploymentPostprocessing = 0;
		};
/* End PBXSourcesBuildPhase section */

/* Begin PBXVariantGroup section */
		039E6F902B2BAF6300272EF3 /* LaunchScreen.storyboard */ = {
			isa = PBXVariantGroup;
			children = (
				039E6F912B2BAF6300272EF3 /* Base */,
			);
			name = LaunchScreen.storyboard;
			sourceTree = "<group>";
		};
/* End PBXVariantGroup section */

/* Begin XCBuildConfiguration section */
		039E6F942B2BAF6300272EF3 /* Debug */ = {
			isa = XCBuildConfiguration;
			buildSettings = {
				ALWAYS_SEARCH_USER_PATHS = NO;
				ASSETCATALOG_COMPILER_GENERATE_SWIFT_ASSET_SYMBOL_EXTENSIONS = YES;
				CLANG_ANALYZER_NONNULL = YES;
				CLANG_ANALYZER_NUMBER_OBJECT_CONVERSION = YES_AGGRESSIVE;
				CLANG_CXX_LANGUAGE_STANDARD = "gnu++20";
				CLANG_ENABLE_MODULES = YES;
				CLANG_ENABLE_OBJC_ARC = YES;
				CLANG_ENABLE_OBJC_WEAK = YES;
				CLANG_WARN_BLOCK_CAPTURE_AUTORELEASING = YES;
				CLANG_WARN_BOOL_CONVERSION = YES;
				CLANG_WARN_COMMA = YES;
				CLANG_WARN_CONSTANT_CONVERSION = YES;
				CLANG_WARN_DEPRECATED_OBJC_IMPLEMENTATIONS = YES;
				CLANG_WARN_DIRECT_OBJC_ISA_USAGE = YES_ERROR;
				CLANG_WARN_DOCUMENTATION_COMMENTS = YES;
				CLANG_WARN_EMPTY_BODY = YES;
				CLANG_WARN_ENUM_CONVERSION = YES;
				CLANG_WARN_INFINITE_RECURSION = YES;
				CLANG_WARN_INT_CONVERSION = YES;
				CLANG_WARN_NON_LITERAL_NULL_CONVERSION = YES;
				CLANG_WARN_OBJC_IMPLICIT_RETAIN_SELF = YES;
				CLANG_WARN_OBJC_LITERAL_CONVERSION = YES;
				CLANG_WARN_OBJC_ROOT_CLASS = YES_ERROR;
				CLANG_WARN_QUOTED_INCLUDE_IN_FRAMEWORK_HEADER = YES;
				CLANG_WARN_RANGE_LOOP_ANALYSIS = YES;
				CLANG_WARN_STRICT_PROTOTYPES = YES;
				CLANG_WARN_SUSPICIOUS_MOVE = YES;
				CLANG_WARN_UNGUARDED_AVAILABILITY = YES_AGGRESSIVE;
				CLANG_WARN_UNREACHABLE_CODE = YES;
				CLANG_WARN__DUPLICATE_METHOD_MATCH = YES;
				COPY_PHASE_STRIP = NO;
				DEBUG_INFORMATION_FORMAT = dwarf;
				ENABLE_STRICT_OBJC_MSGSEND = YES;
				ENABLE_TESTABILITY = YES;
				ENABLE_USER_SCRIPT_SANDBOXING = YES;
				GCC_C_LANGUAGE_STANDARD = gnu17;
				GCC_DYNAMIC_NO_PIC = NO;
				GCC_NO_COMMON_BLOCKS = YES;
				GCC_OPTIMIZATION_LEVEL = 0;
				GCC_PREPROCESSOR_DEFINITIONS = (
					"DEBUG=1",
					"$(inherited)",
				);
				GCC_WARN_64_TO_32_BIT_CONVERSION = YES;
				GCC_WARN_ABOUT_RETURN_TYPE = YES_ERROR;
				GCC_WARN_UNDECLARED_SELECTOR = YES;
				GCC_WARN_UNINITIALIZED_AUTOS = YES_AGGRESSIVE;
				GCC_WARN_UNUSED_FUNCTION = YES;
				GCC_WARN_UNUSED_VARIABLE = YES;
				IPHONEOS_DEPLOYMENT_TARGET = 17.0;
				LOCALIZATION_PREFERS_STRING_CATALOGS = YES;
				MTL_ENABLE_DEBUG_INFO = INCLUDE_SOURCE;
				MTL_FAST_MATH = YES;
				ONLY_ACTIVE_ARCH = YES;
				SDKROOT = iphoneos;
				SWIFT_ACTIVE_COMPILATION_CONDITIONS = "DEBUG $(inherited)";
				SWIFT_OPTIMIZATION_LEVEL = "-Onone";
			};
			name = Debug;
		};
		039E6F952B2BAF6300272EF3 /* Release */ = {
			isa = XCBuildConfiguration;
			buildSettings = {
				ALWAYS_SEARCH_USER_PATHS = NO;
				ASSETCATALOG_COMPILER_GENERATE_SWIFT_ASSET_SYMBOL_EXTENSIONS = YES;
				CLANG_ANALYZER_NONNULL = YES;
				CLANG_ANALYZER_NUMBER_OBJECT_CONVERSION = YES_AGGRESSIVE;
				CLANG_CXX_LANGUAGE_STANDARD = "gnu++20";
				CLANG_ENABLE_MODULES = YES;
				CLANG_ENABLE_OBJC_ARC = YES;
				CLANG_ENABLE_OBJC_WEAK = YES;
				CLANG_WARN_BLOCK_CAPTURE_AUTORELEASING = YES;
				CLANG_WARN_BOOL_CONVERSION = YES;
				CLANG_WARN_COMMA = YES;
				CLANG_WARN_CONSTANT_CONVERSION = YES;
				CLANG_WARN_DEPRECATED_OBJC_IMPLEMENTATIONS = YES;
				CLANG_WARN_DIRECT_OBJC_ISA_USAGE = YES_ERROR;
				CLANG_WARN_DOCUMENTATION_COMMENTS = YES;
				CLANG_WARN_EMPTY_BODY = YES;
				CLANG_WARN_ENUM_CONVERSION = YES;
				CLANG_WARN_INFINITE_RECURSION = YES;
				CLANG_WARN_INT_CONVERSION = YES;
				CLANG_WARN_NON_LITERAL_NULL_CONVERSION = YES;
				CLANG_WARN_OBJC_IMPLICIT_RETAIN_SELF = YES;
				CLANG_WARN_OBJC_LITERAL_CONVERSION = YES;
				CLANG_WARN_OBJC_ROOT_CLASS = YES_ERROR;
				CLANG_WARN_QUOTED_INCLUDE_IN_FRAMEWORK_HEADER = YES;
				CLANG_WARN_RANGE_LOOP_ANALYSIS = YES;
				CLANG_WARN_STRICT_PROTOTYPES = YES;
				CLANG_WARN_SUSPICIOUS_MOVE = YES;
				CLANG_WARN_UNGUARDED_AVAILABILITY = YES_AGGRESSIVE;
				CLANG_WARN_UNREACHABLE_CODE = YES;
				CLANG_WARN__DUPLICATE_METHOD_MATCH = YES;
				COPY_PHASE_STRIP = NO;
				DEBUG_INFORMATION_FORMAT = "dwarf-with-dsym";
				ENABLE_NS_ASSERTIONS = NO;
				ENABLE_STRICT_OBJC_MSGSEND = YES;
				ENABLE_USER_SCRIPT_SANDBOXING = YES;
				GCC_C_LANGUAGE_STANDARD = gnu17;
				GCC_NO_COMMON_BLOCKS = YES;
				GCC_WARN_64_TO_32_BIT_CONVERSION = YES;
				GCC_WARN_ABOUT_RETURN_TYPE = YES_ERROR;
				GCC_WARN_UNDECLARED_SELECTOR = YES;
				GCC_WARN_UNINITIALIZED_AUTOS = YES_AGGRESSIVE;
				GCC_WARN_UNUSED_FUNCTION = YES;
				GCC_WARN_UNUSED_VARIABLE = YES;
				IPHONEOS_DEPLOYMENT_TARGET = 17.0;
				LOCALIZATION_PREFERS_STRING_CATALOGS = YES;
				MTL_ENABLE_DEBUG_INFO = NO;
				MTL_FAST_MATH = YES;
				SDKROOT = iphoneos;
				SWIFT_COMPILATION_MODE = wholemodule;
				VALIDATE_PRODUCT = YES;
			};
			name = Release;
		};
		039E6F972B2BAF6300272EF3 /* Debug */ = {
			isa = XCBuildConfiguration;
			baseConfigurationReference = 4B89F72B897C06147813C288 /* Pods-MoviesAvatar.debug.xcconfig */;
			buildSettings = {
				ASSETCATALOG_COMPILER_APPICON_NAME = AppIcon;
				ASSETCATALOG_COMPILER_GLOBAL_ACCENT_COLOR_NAME = AccentColor;
				CODE_SIGN_STYLE = Automatic;
				CURRENT_PROJECT_VERSION = 1;
				DEVELOPMENT_TEAM = 7RRD9A765A;
				ENABLE_USER_SCRIPT_SANDBOXING = NO;
				GENERATE_INFOPLIST_FILE = YES;
				INFOPLIST_FILE = MoviesAvatar/Info.plist;
				INFOPLIST_KEY_UIApplicationSupportsIndirectInputEvents = YES;
				INFOPLIST_KEY_UILaunchStoryboardName = LaunchScreen;
				INFOPLIST_KEY_UISupportedInterfaceOrientations_iPad = "UIInterfaceOrientationPortrait UIInterfaceOrientationPortraitUpsideDown UIInterfaceOrientationLandscapeLeft UIInterfaceOrientationLandscapeRight";
				INFOPLIST_KEY_UISupportedInterfaceOrientations_iPhone = "UIInterfaceOrientationPortrait UIInterfaceOrientationLandscapeLeft UIInterfaceOrientationLandscapeRight";
				LD_RUNPATH_SEARCH_PATHS = (
					"$(inherited)",
					"@executable_path/Frameworks",
				);
				MARKETING_VERSION = 1.0;
				PRODUCT_BUNDLE_IDENTIFIER = com.jhonatan.MoviesAvatar;
				PRODUCT_NAME = "$(TARGET_NAME)";
				SWIFT_EMIT_LOC_STRINGS = YES;
				SWIFT_VERSION = 5.0;
				TARGETED_DEVICE_FAMILY = "1,2";
			};
			name = Debug;
		};
		039E6F982B2BAF6300272EF3 /* Release */ = {
			isa = XCBuildConfiguration;
			baseConfigurationReference = 6891C797564DD2AF7BE45378 /* Pods-MoviesAvatar.release.xcconfig */;
			buildSettings = {
				ASSETCATALOG_COMPILER_APPICON_NAME = AppIcon;
				ASSETCATALOG_COMPILER_GLOBAL_ACCENT_COLOR_NAME = AccentColor;
				CODE_SIGN_STYLE = Automatic;
				CURRENT_PROJECT_VERSION = 1;
				DEVELOPMENT_TEAM = 7RRD9A765A;
				ENABLE_USER_SCRIPT_SANDBOXING = NO;
				GENERATE_INFOPLIST_FILE = YES;
				INFOPLIST_FILE = MoviesAvatar/Info.plist;
				INFOPLIST_KEY_UIApplicationSupportsIndirectInputEvents = YES;
				INFOPLIST_KEY_UILaunchStoryboardName = LaunchScreen;
				INFOPLIST_KEY_UISupportedInterfaceOrientations_iPad = "UIInterfaceOrientationPortrait UIInterfaceOrientationPortraitUpsideDown UIInterfaceOrientationLandscapeLeft UIInterfaceOrientationLandscapeRight";
				INFOPLIST_KEY_UISupportedInterfaceOrientations_iPhone = "UIInterfaceOrientationPortrait UIInterfaceOrientationLandscapeLeft UIInterfaceOrientationLandscapeRight";
				LD_RUNPATH_SEARCH_PATHS = (
					"$(inherited)",
					"@executable_path/Frameworks",
				);
				MARKETING_VERSION = 1.0;
				PRODUCT_BUNDLE_IDENTIFIER = com.jhonatan.MoviesAvatar;
				PRODUCT_NAME = "$(TARGET_NAME)";
				SWIFT_EMIT_LOC_STRINGS = YES;
				SWIFT_VERSION = 5.0;
				TARGETED_DEVICE_FAMILY = "1,2";
			};
			name = Release;
		};
/* End XCBuildConfiguration section */

/* Begin XCConfigurationList section */
		039E6F7D2B2BAF6200272EF3 /* Build configuration list for PBXProject "MoviesAvatar" */ = {
			isa = XCConfigurationList;
			buildConfigurations = (
				039E6F942B2BAF6300272EF3 /* Debug */,
				039E6F952B2BAF6300272EF3 /* Release */,
			);
			defaultConfigurationIsVisible = 0;
			defaultConfigurationName = Release;
		};
		039E6F962B2BAF6300272EF3 /* Build configuration list for PBXNativeTarget "MoviesAvatar" */ = {
			isa = XCConfigurationList;
			buildConfigurations = (
				039E6F972B2BAF6300272EF3 /* Debug */,
				039E6F982B2BAF6300272EF3 /* Release */,
			);
			defaultConfigurationIsVisible = 0;
			defaultConfigurationName = Release;
		};
/* End XCConfigurationList section */
	};
	rootObject = 039E6F7A2B2BAF6200272EF3 /* Project object */;
}
